
Microsoft Visual Studio Solution File, Format Version 12.00
# Visual Studio Version 17
VisualStudioVersion = 17.4.33403.182
MinimumVisualStudioVersion = 10.0.40219.1
Project("{FAE04EC0-301F-11D3-BF4B-00C04F79EFBC}") = "kuwomusic", "kuwomusic.csproj", "{DD505A33-1E40-4105-BB15-C729BE143D50}"
EndProject
Global
	GlobalSection(SolutionConfigurationPlatforms) = preSolution
		Debug|Any CPU = Debug|Any CPU
		Release|Any CPU = Release|Any CPU
	EndGlobalSection
	GlobalSection(ProjectConfigurationPlatforms) = postSolution
		{DD505A33-1E40-4105-BB15-C729BE143D50}.Debug|Any CPU.ActiveCfg = Debug|Any CPU
		{DD505A33-1E40-4105-BB15-C729BE143D50}.Debug|Any CPU.Build.0 = Debug|Any CPU
		{DD505A33-1E40-4105-BB15-C729BE143D50}.Release|Any CPU.ActiveCfg = Release|Any CPU
		{DD505A33-1E40-4105-BB15-C729BE143D50}.Release|Any CPU.Build.0 = Release|Any CPU
	EndGlobalSection
	GlobalSection(SolutionProperties) = preSolution
		HideSolutionNode = FALSE
	EndGlobalSection
	GlobalSection(ExtensibilityGlobals) = postSolution
		SolutionGuid = {366AFCC5-3F25-4A4E-8371-0C84A84BE75B}
	EndGlobalSection
EndGlobal
